
Microsoft Visual Studio Solution File, Format Version 12.00
# Visual Studio Version 16
VisualStudioVersion = 16.0.29326.143
MinimumVisualStudioVersion = 10.0.40219.1
Project("{8BC9CEB8-8B4A-11D0-8D11-00A0C91BC942}") = "lab_08_04", "lab_08_04\lab_08_04.vcxproj", "{196EEC49-9631-48AC-893C-88A30DB147CE}"
EndProject
Global
	GlobalSection(SolutionConfigurationPlatforms) = preSolution
		Debug|x64 = Debug|x64
		Debug|x86 = Debug|x86
		Release|x64 = Release|x64
		Release|x86 = Release|x86
	EndGlobalSection
	GlobalSection(ProjectConfigurationPlatforms) = postSolution
		{196EEC49-9631-48AC-893C-88A30DB147CE}.Debug|x64.ActiveCfg = Debug|x64
		{196EEC49-9631-48AC-893C-88A30DB147CE}.Debug|x64.Build.0 = Debug|x64
		{196EEC49-9631-48AC-893C-88A30DB147CE}.Debug|x86.ActiveCfg = Debug|Win32
		{196EEC49-9631-48AC-893C-88A30DB147CE}.Debug|x86.Build.0 = Debug|Win32
		{196EEC49-9631-48AC-893C-88A30DB147CE}.Release|x64.ActiveCfg = Release|x64
		{196EEC49-9631-48AC-893C-88A30DB147CE}.Release|x64.Build.0 = Release|x64
		{196EEC49-9631-48AC-893C-88A30DB147CE}.Release|x86.ActiveCfg = Release|Win32
		{196EEC49-9631-48AC-893C-88A30DB147CE}.Release|x86.Build.0 = Release|Win32
	EndGlobalSection
	GlobalSection(SolutionProperties) = preSolution
		HideSolutionNode = FALSE
	EndGlobalSection
	GlobalSection(ExtensibilityGlobals) = postSolution
		SolutionGuid = {56BAEC91-5A50-496D-9779-7C38AC50DD23}
	EndGlobalSection
EndGlobal
